// !$*UTF8*$!
{
	archiveVersion = 1;
	classes = {
	};
	objectVersion = 46;
	objects = {

/* Begin PBXBuildFile section */
		E4304B8E1E275F6D00095F71 /* main.m in Sources */ = {isa = PBXBuildFile; fileRef = E4304B8D1E275F6D00095F71 /* main.m */; };
		E4304B911E275F6D00095F71 /* AppDelegate.m in Sources */ = {isa = PBXBuildFile; fileRef = E4304B901E275F6D00095F71 /* AppDelegate.m */; };
		E4304B941E275F6D00095F71 /* ViewController.m in Sources */ = {isa = PBXBuildFile; fileRef = E4304B931E275F6D00095F71 /* ViewController.m */; };
		E4304B971E275F6D00095F71 /* Main.storyboard in Resources */ = {isa = PBXBuildFile; fileRef = E4304B951E275F6D00095F71 /* Main.storyboard */; };
		E4304B991E275F6D00095F71 /* Assets.xcassets in Resources */ = {isa = PBXBuildFile; fileRef = E4304B981E275F6D00095F71 /* Assets.xcassets */; };
		E4304B9C1E275F6D00095F71 /* LaunchScreen.storyboard in Resources */ = {isa = PBXBuildFile; fileRef = E4304B9A1E275F6D00095F71 /* LaunchScreen.storyboard */; };
		E4304BA71E275F6D00095F71 /* PickViewTests.m in Sources */ = {isa = PBXBuildFile; fileRef = E4304BA61E275F6D00095F71 /* PickViewTests.m */; };
		E4304BB21E275F6D00095F71 /* PickViewUITests.m in Sources */ = {isa = PBXBuildFile; fileRef = E4304BB11E275F6D00095F71 /* PickViewUITests.m */; };
		E4304BC21E275F7500095F71 /* YMPickView.m in Sources */ = {isa = PBXBuildFile; fileRef = E4304BC11E275F7500095F71 /* YMPickView.m */; };
		E4304BC81E275F7D00095F71 /* pickerControl.m in Sources */ = {isa = PBXBuildFile; fileRef = E4304BC61E275F7D00095F71 /* pickerControl.m */; };
		E4304BC91E275F7D00095F71 /* pickerControl.zip in Resources */ = {isa = PBXBuildFile; fileRef = E4304BC71E275F7D00095F71 /* pickerControl.zip */; };
/* End PBXBuildFile section */

/* Begin PBXContainerItemProxy section */
		E4304BA31E275F6D00095F71 /* PBXContainerItemProxy */ = {
			isa = PBXContainerItemProxy;
			containerPortal = E4304B811E275F6D00095F71 /* Project object */;
			proxyType = 1;
			remoteGlobalIDString = E4304B881E275F6D00095F71;
			remoteInfo = PickView;
		};
		E4304BAE1E275F6D00095F71 /* PBXContainerItemProxy */ = {
			isa = PBXContainerItemProxy;
			containerPortal = E4304B811E275F6D00095F71 /* Project object */;
			proxyType = 1;
			remoteGlobalIDString = E4304B881E275F6D00095F71;
			remoteInfo = PickView;
		};
/* End PBXContainerItemProxy section */

/* Begin PBXFileReference section */
		E4304B891E275F6D00095F71 /* PickView.app */ = {isa = PBXFileReference; explicitFileType = wrapper.application; includeInIndex = 0; path = PickView.app; sourceTree = BUILT_PRODUCTS_DIR; };
		E4304B8D1E275F6D00095F71 /* main.m */ = {isa = PBXFileReference; lastKnownFileType = sourcecode.c.objc; path = main.m; sourceTree = "<group>"; };
		E4304B8F1E275F6D00095F71 /* AppDelegate.h */ = {isa = PBXFileReference; lastKnownFileType = sourcecode.c.h; path = AppDelegate.h; sourceTree = "<group>"; };
		E4304B901E275F6D00095F71 /* AppDelegate.m */ = {isa = PBXFileReference; lastKnownFileType = sourcecode.c.objc; path = AppDelegate.m; sourceTree = "<group>"; };
		E4304B921E275F6D00095F71 /* ViewController.h */ = {isa = PBXFileReference; lastKnownFileType = sourcecode.c.h; path = ViewController.h; sourceTree = "<group>"; };
		E4304B931E275F6D00095F71 /* ViewController.m */ = {isa = PBXFileReference; lastKnownFileType = sourcecode.c.objc; path = ViewController.m; sourceTree = "<group>"; };
		E4304B961E275F6D00095F71 /* Base */ = {isa = PBXFileReference; lastKnownFileType = file.storyboard; name = Base; path = Base.lproj/Main.storyboard; sourceTree = "<group>"; };
		E4304B981E275F6D00095F71 /* Assets.xcassets */ = {isa = PBXFileReference; lastKnownFileType = folder.assetcatalog; path = Assets.xcassets; sourceTree = "<group>"; };
		E4304B9B1E275F6D00095F71 /* Base */ = {isa = PBXFileReference; lastKnownFileType = file.storyboard; name = Base; path = Base.lproj/LaunchScreen.storyboard; sourceTree = "<group>"; };
		E4304B9D1E275F6D00095F71 /* Info.plist */ = {isa = PBXFileReference; lastKnownFileType = text.plist.xml; path = Info.plist; sourceTree = "<group>"; };
		E4304BA21E275F6D00095F71 /* PickViewTests.xctest */ = {isa = PBXFileReference; explicitFileType = wrapper.cfbundle; includeInIndex = 0; path = PickViewTests.xctest; sourceTree = BUILT_PRODUCTS_DIR; };
		E4304BA61E275F6D00095F71 /* PickViewTests.m */ = {isa = PBXFileReference; lastKnownFileType = sourcecode.c.objc; path = PickViewTests.m; sourceTree = "<group>"; };
		E4304BA81E275F6D00095F71 /* Info.plist */ = {isa = PBXFileReference; lastKnownFileType = text.plist.xml; path = Info.plist; sourceTree = "<group>"; };
		E4304BAD1E275F6D00095F71 /* PickViewUITests.xctest */ = {isa = PBXFileReference; explicitFileType = wrapper.cfbundle; includeInIndex = 0; path = PickViewUITests.xctest; sourceTree = BUILT_PRODUCTS_DIR; };
		E4304BB11E275F6D00095F71 /* PickViewUITests.m */ = {isa = PBXFileReference; lastKnownFileType = sourcecode.c.objc; path = PickViewUITests.m; sourceTree = "<group>"; };
		E4304BB31E275F6D00095F71 /* Info.plist */ = {isa = PBXFileReference; lastKnownFileType = text.plist.xml; path = Info.plist; sourceTree = "<group>"; };
		E4304BC01E275F7500095F71 /* YMPickView.h */ = {isa = PBXFileReference; fileEncoding = 4; lastKnownFileType = sourcecode.c.h; path = YMPickView.h; sourceTree = "<group>"; };
		E4304BC11E275F7500095F71 /* YMPickView.m */ = {isa = PBXFileReference; fileEncoding = 4; lastKnownFileType = sourcecode.c.objc; path = YMPickView.m; sourceTree = "<group>"; };
		E4304BC51E275F7D00095F71 /* pickerControl.h */ = {isa = PBXFileReference; fileEncoding = 4; lastKnownFileType = sourcecode.c.h; path = pickerControl.h; sourceTree = "<group>"; };
		E4304BC61E275F7D00095F71 /* pickerControl.m */ = {isa = PBXFileReference; fileEncoding = 4; lastKnownFileType = sourcecode.c.objc; path = pickerControl.m; sourceTree = "<group>"; };
		E4304BC71E275F7D00095F71 /* pickerControl.zip */ = {isa = PBXFileReference; lastKnownFileType = archive.zip; path = pickerControl.zip; sourceTree = "<group>"; };
/* End PBXFileReference section */

/* Begin PBXFrameworksBuildPhase section */
		E4304B861E275F6D00095F71 /* Frameworks */ = {
			isa = PBXFrameworksBuildPhase;
			buildActionMask = 2147483647;
			files = (
			);
			runOnlyForDeploymentPostprocessing = 0;
		};
		E4304B9F1E275F6D00095F71 /* Frameworks */ = {
			isa = PBXFrameworksBuildPhase;
			buildActionMask = 2147483647;
			files = (
			);
			runOnlyForDeploymentPostprocessing = 0;
		};
		E4304BAA1E275F6D00095F71 /* Frameworks */ = {
			isa = PBXFrameworksBuildPhase;
			buildActionMask = 2147483647;
			files = (
			);
			runOnlyForDeploymentPostprocessing = 0;
		};
/* End PBXFrameworksBuildPhase section */

/* Begin PBXGroup section */
		E4304B801E275F6D00095F71 = {
			isa = PBXGroup;
			children = (
				E4304B8B1E275F6D00095F71 /* PickView */,
				E4304BA51E275F6D00095F71 /* PickViewTests */,
				E4304BB01E275F6D00095F71 /* PickViewUITests */,
				E4304B8A1E275F6D00095F71 /* Products */,
			);
			sourceTree = "<group>";
		};
		E4304B8A1E275F6D00095F71 /* Products */ = {
			isa = PBXGroup;
			children = (
				E4304B891E275F6D00095F71 /* PickView.app */,
				E4304BA21E275F6D00095F71 /* PickViewTests.xctest */,
				E4304BAD1E275F6D00095F71 /* PickViewUITests.xctest */,
			);
			name = Products;
			sourceTree = "<group>";
		};
		E4304B8B1E275F6D00095F71 /* PickView */ = {
			isa = PBXGroup;
			children = (
				E4304BC31E275F7D00095F71 /* pickerControl */,
				E4304BBF1E275F7500095F71 /* YMPickView */,
				E4304B8F1E275F6D00095F71 /* AppDelegate.h */,
				E4304B901E275F6D00095F71 /* AppDelegate.m */,
				E4304B921E275F6D00095F71 /* ViewController.h */,
				E4304B931E275F6D00095F71 /* ViewController.m */,
				E4304B951E275F6D00095F71 /* Main.storyboard */,
				E4304B981E275F6D00095F71 /* Assets.xcassets */,
				E4304B9A1E275F6D00095F71 /* LaunchScreen.storyboard */,
				E4304B9D1E275F6D00095F71 /* Info.plist */,
				E4304B8C1E275F6D00095F71 /* Supporting Files */,
			);
			path = PickView;
			sourceTree = "<group>";
		};
		E4304B8C1E275F6D00095F71 /* Supporting Files */ = {
			isa = PBXGroup;
			children = (
				E4304B8D1E275F6D00095F71 /* main.m */,
			);
			name = "Supporting Files";
			sourceTree = "<group>";
		};
		E4304BA51E275F6D00095F71 /* PickViewTests */ = {
			isa = PBXGroup;
			children = (
				E4304BA61E275F6D00095F71 /* PickViewTests.m */,
				E4304BA81E275F6D00095F71 /* Info.plist */,
			);
			path = PickViewTests;
			sourceTree = "<group>";
		};
		E4304BB01E275F6D00095F71 /* PickViewUITests */ = {
			isa = PBXGroup;
			children = (
				E4304BB11E275F6D00095F71 /* PickViewUITests.m */,
				E4304BB31E275F6D00095F71 /* Info.plist */,
			);
			path = PickViewUITests;
			sourceTree = "<group>";
		};
		E4304BBF1E275F7500095F71 /* YMPickView */ = {
			isa = PBXGroup;
			children = (
				E4304BC01E275F7500095F71 /* YMPickView.h */,
				E4304BC11E275F7500095F71 /* YMPickView.m */,
			);
			path = YMPickView;
			sourceTree = "<group>";
		};
		E4304BC31E275F7D00095F71 /* pickerControl */ = {
			isa = PBXGroup;
			children = (
				E4304BC41E275F7D00095F71 /* pickerControl */,
				E4304BC71E275F7D00095F71 /* pickerControl.zip */,
			);
			path = pickerControl;
			sourceTree = "<group>";
		};
		E4304BC41E275F7D00095F71 /* pickerControl */ = {
			isa = PBXGroup;
			children = (
				E4304BC51E275F7D00095F71 /* pickerControl.h */,
				E4304BC61E275F7D00095F71 /* pickerControl.m */,
			);
			path = pickerControl;
			sourceTree = "<group>";
		};
/* End PBXGroup section */

/* Begin PBXNativeTarget section */
		E4304B881E275F6D00095F71 /* PickView */ = {
			isa = PBXNativeTarget;
			buildConfigurationList = E4304BB61E275F6D00095F71 /* Build configuration list for PBXNativeTarget "PickView" */;
			buildPhases = (
				E4304B851E275F6D00095F71 /* Sources */,
				E4304B861E275F6D00095F71 /* Frameworks */,
				E4304B871E275F6D00095F71 /* Resources */,
			);
			buildRules = (
			);
			dependencies = (
			);
			name = PickView;
			productName = PickView;
			productReference = E4304B891E275F6D00095F71 /* PickView.app */;
			productType = "com.apple.product-type.application";
		};
		E4304BA11E275F6D00095F71 /* PickViewTests */ = {
			isa = PBXNativeTarget;
			buildConfigurationList = E4304BB91E275F6D00095F71 /* Build configuration list for PBXNativeTarget "PickViewTests" */;
			buildPhases = (
				E4304B9E1E275F6D00095F71 /* Sources */,
				E4304B9F1E275F6D00095F71 /* Frameworks */,
				E4304BA01E275F6D00095F71 /* Resources */,
			);
			buildRules = (
			);
			dependencies = (
				E4304BA41E275F6D00095F71 /* PBXTargetDependency */,
			);
			name = PickViewTests;
			productName = PickViewTests;
			productReference = E4304BA21E275F6D00095F71 /* PickViewTests.xctest */;
			productType = "com.apple.product-type.bundle.unit-test";
		};
		E4304BAC1E275F6D00095F71 /* PickViewUITests */ = {
			isa = PBXNativeTarget;
			buildConfigurationList = E4304BBC1E275F6D00095F71 /* Build configuration list for PBXNativeTarget "PickViewUITests" */;
			buildPhases = (
				E4304BA91E275F6D00095F71 /* Sources */,
				E4304BAA1E275F6D00095F71 /* Frameworks */,
				E4304BAB1E275F6D00095F71 /* Resources */,
			);
			buildRules = (
			);
			dependencies = (
				E4304BAF1E275F6D00095F71 /* PBXTargetDependency */,
			);
			name = PickViewUITests;
			productName = PickViewUITests;
			productReference = E4304BAD1E275F6D00095F71 /* PickViewUITests.xctest */;
			productType = "com.apple.product-type.bundle.ui-testing";
		};
/* End PBXNativeTarget section */

/* Begin PBXProject section */
		E4304B811E275F6D00095F71 /* Project object */ = {
			isa = PBXProject;
			attributes = {
				LastUpgradeCheck = 0820;
				ORGANIZATIONNAME = yons;
				TargetAttributes = {
					E4304B881E275F6D00095F71 = {
						CreatedOnToolsVersion = 8.2.1;
						DevelopmentTeam = DFT44L6T2M;
						ProvisioningStyle = Automatic;
					};
					E4304BA11E275F6D00095F71 = {
						CreatedOnToolsVersion = 8.2.1;
						DevelopmentTeam = DFT44L6T2M;
						ProvisioningStyle = Automatic;
						TestTargetID = E4304B881E275F6D00095F71;
					};
					E4304BAC1E275F6D00095F71 = {
						CreatedOnToolsVersion = 8.2.1;
						DevelopmentTeam = DFT44L6T2M;
						ProvisioningStyle = Automatic;
						TestTargetID = E4304B881E275F6D00095F71;
					};
				};
			};
			buildConfigurationList = E4304B841E275F6D00095F71 /* Build configuration list for PBXProject "PickView" */;
			compatibilityVersion = "Xcode 3.2";
			developmentRegion = English;
			hasScannedForEncodings = 0;
			knownRegions = (
				en,
				Base,
			);
			mainGroup = E4304B801E275F6D00095F71;
			productRefGroup = E4304B8A1E275F6D00095F71 /* Products */;
			projectDirPath = "";
			projectRoot = "";
			targets = (
				E4304B881E275F6D00095F71 /* PickView */,
				E4304BA11E275F6D00095F71 /* PickViewTests */,
				E4304BAC1E275F6D00095F71 /* PickViewUITests */,
			);
		};
/* End PBXProject section */

/* Begin PBXResourcesBuildPhase section */
		E4304B871E275F6D00095F71 /* Resources */ = {
			isa = PBXResourcesBuildPhase;
			buildActionMask = 2147483647;
			files = (
				E4304B9C1E275F6D00095F71 /* LaunchScreen.storyboard in Resources */,
				E4304BC91E275F7D00095F71 /* pickerControl.zip in Resources */,
				E4304B991E275F6D00095F71 /* Assets.xcassets in Resources */,
				E4304B971E275F6D00095F71 /* Main.storyboard in Resources */,
			);
			runOnlyForDeploymentPostprocessing = 0;
		};
		E4304BA01E275F6D00095F71 /* Resources */ = {
			isa = PBXResourcesBuildPhase;
			buildActionMask = 2147483647;
			files = (
			);
			runOnlyForDeploymentPostprocessing = 0;
		};
		E4304BAB1E275F6D00095F71 /* Resources */ = {
			isa = PBXResourcesBuildPhase;
			buildActionMask = 2147483647;
			files = (
			);
			runOnlyForDeploymentPostprocessing = 0;
		};
/* End PBXResourcesBuildPhase section */

/* Begin PBXSourcesBuildPhase section */
		E4304B851E275F6D00095F71 /* Sources */ = {
			isa = PBXSourcesBuildPhase;
			buildActionMask = 2147483647;
			files = (
				E4304B941E275F6D00095F71 /* ViewController.m in Sources */,
				E4304BC81E275F7D00095F71 /* pickerControl.m in Sources */,
				E4304B911E275F6D00095F71 /* AppDelegate.m in Sources */,
				E4304B8E1E275F6D00095F71 /* main.m in Sources */,
				E4304BC21E275F7500095F71 /* YMPickView.m in Sources */,
			);
			runOnlyForDeploymentPostprocessing = 0;
		};
		E4304B9E1E275F6D00095F71 /* Sources */ = {
			isa = PBXSourcesBuildPhase;
			buildActionMask = 2147483647;
			files = (
				E4304BA71E275F6D00095F71 /* PickViewTests.m in Sources */,
			);
			runOnlyForDeploymentPostprocessing = 0;
		};
		E4304BA91E275F6D00095F71 /* Sources */ = {
			isa = PBXSourcesBuildPhase;
			buildActionMask = 2147483647;
			files = (
				E4304BB21E275F6D00095F71 /* PickViewUITests.m in Sources */,
			);
			runOnlyForDeploymentPostprocessing = 0;
		};
/* End PBXSourcesBuildPhase section */

/* Begin PBXTargetDependency section */
		E4304BA41E275F6D00095F71 /* PBXTargetDependency */ = {
			isa = PBXTargetDependency;
			target = E4304B881E275F6D00095F71 /* PickView */;
			targetProxy = E4304BA31E275F6D00095F71 /* PBXContainerItemProxy */;
		};
		E4304BAF1E275F6D00095F71 /* PBXTargetDependency */ = {
			isa = PBXTargetDependency;
			target = E4304B881E275F6D00095F71 /* PickView */;
			targetProxy = E4304BAE1E275F6D00095F71 /* PBXContainerItemProxy */;
		};
/* End PBXTargetDependency section */

/* Begin PBXVariantGroup section */
		E4304B951E275F6D00095F71 /* Main.storyboard */ = {
			isa = PBXVariantGroup;
			children = (
				E4304B961E275F6D00095F71 /* Base */,
			);
			name = Main.storyboard;
			sourceTree = "<group>";
		};
		E4304B9A1E275F6D00095F71 /* LaunchScreen.storyboard */ = {
			isa = PBXVariantGroup;
			children = (
				E4304B9B1E275F6D00095F71 /* Base */,
			);
			name = LaunchScreen.storyboard;
			sourceTree = "<group>";
		};
/* End PBXVariantGroup section */

/* Begin XCBuildConfiguration section */
		E4304BB41E275F6D00095F71 /* Debug */ = {
			isa = XCBuildConfiguration;
			buildSettings = {
				ALWAYS_SEARCH_USER_PATHS = NO;
				CLANG_ANALYZER_NONNULL = YES;
				CLANG_CXX_LANGUAGE_STANDARD = "gnu++0x";
				CLANG_CXX_LIBRARY = "libc++";
				CLANG_ENABLE_MODULES = YES;
				CLANG_ENABLE_OBJC_ARC = YES;
				CLANG_WARN_BOOL_CONVERSION = YES;
				CLANG_WARN_CONSTANT_CONVERSION = YES;
				CLANG_WARN_DIRECT_OBJC_ISA_USAGE = YES_ERROR;
				CLANG_WARN_DOCUMENTATION_COMMENTS = YES;
				CLANG_WARN_EMPTY_BODY = YES;
				CLANG_WARN_ENUM_CONVERSION = YES;
				CLANG_WARN_INFINITE_RECURSION = YES;
				CLANG_WARN_INT_CONVERSION = YES;
				CLANG_WARN_OBJC_ROOT_CLASS = YES_ERROR;
				CLANG_WARN_SUSPICIOUS_MOVE = YES;
				CLANG_WARN_UNREACHABLE_CODE = YES;
				CLANG_WARN__DUPLICATE_METHOD_MATCH = YES;
				"CODE_SIGN_IDENTITY[sdk=iphoneos*]" = "iPhone Developer";
				COPY_PHASE_STRIP = NO;
				DEBUG_INFORMATION_FORMAT = dwarf;
				ENABLE_STRICT_OBJC_MSGSEND = YES;
				ENABLE_TESTABILITY = YES;
				GCC_C_LANGUAGE_STANDARD = gnu99;
				GCC_DYNAMIC_NO_PIC = NO;
				GCC_NO_COMMON_BLOCKS = YES;
				GCC_OPTIMIZATION_LEVEL = 0;
				GCC_PREPROCESSOR_DEFINITIONS = (
					"DEBUG=1",
					"$(inherited)",
				);
				GCC_WARN_64_TO_32_BIT_CONVERSION = YES;
				GCC_WARN_ABOUT_RETURN_TYPE = YES_ERROR;
				GCC_WARN_UNDECLARED_SELECTOR = YES;
				GCC_WARN_UNINITIALIZED_AUTOS = YES_AGGRESSIVE;
				GCC_WARN_UNUSED_FUNCTION = YES;
				GCC_WARN_UNUSED_VARIABLE = YES;
				IPHONEOS_DEPLOYMENT_TARGET = 10.2;
				MTL_ENABLE_DEBUG_INFO = YES;
				ONLY_ACTIVE_ARCH = YES;
				SDKROOT = iphoneos;
				TARGETED_DEVICE_FAMILY = "1,2";
			};
			name = Debug;
		};
		E4304BB51E275F6D00095F71 /* Release */ = {
			isa = XCBuildConfiguration;
			buildSettings = {
				ALWAYS_SEARCH_USER_PATHS = NO;
				CLANG_ANALYZER_NONNULL = YES;
				CLANG_CXX_LANGUAGE_STANDARD = "gnu++0x";
				CLANG_CXX_LIBRARY = "libc++";
				CLANG_ENABLE_MODULES = YES;
				CLANG_ENABLE_OBJC_ARC = YES;
				CLANG_WARN_BOOL_CONVERSION = YES;
				CLANG_WARN_CONSTANT_CONVERSION = YES;
				CLANG_WARN_DIRECT_OBJC_ISA_USAGE = YES_ERROR;
				CLANG_WARN_DOCUMENTATION_COMMENTS = YES;
				CLANG_WARN_EMPTY_BODY = YES;
				CLANG_WARN_ENUM_CONVERSION = YES;
				CLANG_WARN_INFINITE_RECURSION = YES;
				CLANG_WARN_INT_CONVERSION = YES;
				CLANG_WARN_OBJC_ROOT_CLASS = YES_ERROR;
				CLANG_WARN_SUSPICIOUS_MOVE = YES;
				CLANG_WARN_UNREACHABLE_CODE = YES;
				CLANG_WARN__DUPLICATE_METHOD_MATCH = YES;
				"CODE_SIGN_IDENTITY[sdk=iphoneos*]" = "iPhone Developer";
				COPY_PHASE_STRIP = NO;
				DEBUG_INFORMATION_FORMAT = "dwarf-with-dsym";
				ENABLE_NS_ASSERTIONS = NO;
				ENABLE_STRICT_OBJC_MSGSEND = YES;
				GCC_C_LANGUAGE_STANDARD = gnu99;
				GCC_NO_COMMON_BLOCKS = YES;
				GCC_WARN_64_TO_32_BIT_CONVERSION = YES;
				GCC_WARN_ABOUT_RETURN_TYPE = YES_ERROR;
				GCC_WARN_UNDECLARED_SELECTOR = YES;
				GCC_WARN_UNINITIALIZED_AUTOS = YES_AGGRESSIVE;
				GCC_WARN_UNUSED_FUNCTION = YES;
				GCC_WARN_UNUSED_VARIABLE = YES;
				IPHONEOS_DEPLOYMENT_TARGET = 10.2;
				MTL_ENABLE_DEBUG_INFO = NO;
				SDKROOT = iphoneos;
				TARGETED_DEVICE_FAMILY = "1,2";
				VALIDATE_PRODUCT = YES;
			};
			name = Release;
		};
		E4304BB71E275F6D00095F71 /* Debug */ = {
			isa = XCBuildConfiguration;
			buildSettings = {
				ASSETCATALOG_COMPILER_APPICON_NAME = AppIcon;
				DEVELOPMENT_TEAM = DFT44L6T2M;
				INFOPLIST_FILE = PickView/Info.plist;
				LD_RUNPATH_SEARCH_PATHS = "$(inherited) @executable_path/Frameworks";
				PRODUCT_BUNDLE_IDENTIFIER = en.com.PickView;
				PRODUCT_NAME = "$(TARGET_NAME)";
			};
			name = Debug;
		};
		E4304BB81E275F6D00095F71 /* Release */ = {
			isa = XCBuildConfiguration;
			buildSettings = {
				ASSETCATALOG_COMPILER_APPICON_NAME = AppIcon;
				DEVELOPMENT_TEAM = DFT44L6T2M;
				INFOPLIST_FILE = PickView/Info.plist;
				LD_RUNPATH_SEARCH_PATHS = "$(inherited) @executable_path/Frameworks";
				PRODUCT_BUNDLE_IDENTIFIER = en.com.PickView;
				PRODUCT_NAME = "$(TARGET_NAME)";
			};
			name = Release;
		};
		E4304BBA1E275F6D00095F71 /* Debug */ = {
			isa = XCBuildConfiguration;
			buildSettings = {
				BUNDLE_LOADER = "$(TEST_HOST)";
				DEVELOPMENT_TEAM = DFT44L6T2M;
				INFOPLIST_FILE = PickViewTests/Info.plist;
				LD_RUNPATH_SEARCH_PATHS = "$(inherited) @executable_path/Frameworks @loader_path/Frameworks";
				PRODUCT_BUNDLE_IDENTIFIER = en.com.PickViewTests;
				PRODUCT_NAME = "$(TARGET_NAME)";
				TEST_HOST = "$(BUILT_PRODUCTS_DIR)/PickView.app/PickView";
			};
			name = Debug;
		};
		E4304BBB1E275F6D00095F71 /* Release */ = {
			isa = XCBuildConfiguration;
			buildSettings = {
				BUNDLE_LOADER = "$(TEST_HOST)";
				DEVELOPMENT_TEAM = DFT44L6T2M;
				INFOPLIST_FILE = PickViewTests/Info.plist;
				LD_RUNPATH_SEARCH_PATHS = "$(inherited) @executable_path/Frameworks @loader_path/Frameworks";
				PRODUCT_BUNDLE_IDENTIFIER = en.com.PickViewTests;
				PRODUCT_NAME = "$(TARGET_NAME)";
				TEST_HOST = "$(BUILT_PRODUCTS_DIR)/PickView.app/PickView";
			};
			name = Release;
		};
		E4304BBD1E275F6D00095F71 /* Debug */ = {
			isa = XCBuildConfiguration;
			buildSettings = {
				DEVELOPMENT_TEAM = DFT44L6T2M;
				INFOPLIST_FILE = PickViewUITests/Info.plist;
				LD_RUNPATH_SEARCH_PATHS = "$(inherited) @executable_path/Frameworks @loader_path/Frameworks";
				PRODUCT_BUNDLE_IDENTIFIER = en.com.PickViewUITests;
				PRODUCT_NAME = "$(TARGET_NAME)";
				TEST_TARGET_NAME = PickView;
			};
			name = Debug;
		};
		E4304BBE1E275F6D00095F71 /* Release */ = {
			isa = XCBuildConfiguration;
			buildSettings = {
				DEVELOPMENT_TEAM = DFT44L6T2M;
				INFOPLIST_FILE = PickViewUITests/Info.plist;
				LD_RUNPATH_SEARCH_PATHS = "$(inherited) @executable_path/Frameworks @loader_path/Frameworks";
				PRODUCT_BUNDLE_IDENTIFIER = en.com.PickViewUITests;
				PRODUCT_NAME = "$(TARGET_NAME)";
				TEST_TARGET_NAME = PickView;
			};
			name = Release;
		};
/* End XCBuildConfiguration section */

/* Begin XCConfigurationList section */
		E4304B841E275F6D00095F71 /* Build configuration list for PBXProject "PickView" */ = {
			isa = XCConfigurationList;
			buildConfigurations = (
				E4304BB41E275F6D00095F71 /* Debug */,
				E4304BB51E275F6D00095F71 /* Release */,
			);
			defaultConfigurationIsVisible = 0;
			defaultConfigurationName = Release;
		};
		E4304BB61E275F6D00095F71 /* Build configuration list for PBXNativeTarget "PickView" */ = {
			isa = XCConfigurationList;
			buildConfigurations = (
				E4304BB71E275F6D00095F71 /* Debug */,
				E4304BB81E275F6D00095F71 /* Release */,
			);
			defaultConfigurationIsVisible = 0;
		};
		E4304BB91E275F6D00095F71 /* Build configuration list for PBXNativeTarget "PickViewTests" */ = {
			isa = XCConfigurationList;
			buildConfigurations = (
				E4304BBA1E275F6D00095F71 /* Debug */,
				E4304BBB1E275F6D00095F71 /* Release */,
			);
			defaultConfigurationIsVisible = 0;
		};
		E4304BBC1E275F6D00095F71 /* Build configuration list for PBXNativeTarget "PickViewUITests" */ = {
			isa = XCConfigurationList;
			buildConfigurations = (
				E4304BBD1E275F6D00095F71 /* Debug */,
				E4304BBE1E275F6D00095F71 /* Release */,
			);
			defaultConfigurationIsVisible = 0;
		};
/* End XCConfigurationList section */
	};
	rootObject = E4304B811E275F6D00095F71 /* Project object */;
}
